// !$*UTF8*$!
{
	archiveVersion = 1;
	classes = {
	};
	objectVersion = 50;
	objects = {

/* Begin PBXBuildFile section */
		BAECF3A321DFB7160079ECFE /* AppDelegate.swift in Sources */ = {isa = PBXBuildFile; fileRef = BAECF3A221DFB7160079ECFE /* AppDelegate.swift */; };
		BAECF3A521DFB7160079ECFE /* ViewController.swift in Sources */ = {isa = PBXBuildFile; fileRef = BAECF3A421DFB7160079ECFE /* ViewController.swift */; };
		BAECF3A821DFB7160079ECFE /* Main.storyboard in Resources */ = {isa = PBXBuildFile; fileRef = BAECF3A621DFB7160079ECFE /* Main.storyboard */; };
		BAECF3AA21DFB7170079ECFE /* Assets.xcassets in Resources */ = {isa = PBXBuildFile; fileRef = BAECF3A921DFB7170079ECFE /* Assets.xcassets */; };
		BAECF3AD21DFB7170079ECFE /* LaunchScreen.storyboard in Resources */ = {isa = PBXBuildFile; fileRef = BAECF3AB21DFB7170079ECFE /* LaunchScreen.storyboard */; };
		BAECF3B821DFB7180079ECFE /* PersistenceTests.swift in Sources */ = {isa = PBXBuildFile; fileRef = BAECF3B721DFB7180079ECFE /* PersistenceTests.swift */; };
		BAECF3C321DFB7180079ECFE /* PersistenceUITests.swift in Sources */ = {isa = PBXBuildFile; fileRef = BAECF3C221DFB7180079ECFE /* PersistenceUITests.swift */; };
/* End PBXBuildFile section */

/* Begin PBXContainerItemProxy section */
		BAECF3B421DFB7170079ECFE /* PBXContainerItemProxy */ = {
			isa = PBXContainerItemProxy;
			containerPortal = BAECF39721DFB7160079ECFE /* Project object */;
			proxyType = 1;
			remoteGlobalIDString = BAECF39E21DFB7160079ECFE;
			remoteInfo = Persistence;
		};
		BAECF3BF21DFB7180079ECFE /* PBXContainerItemProxy */ = {
			isa = PBXContainerItemProxy;
			containerPortal = BAECF39721DFB7160079ECFE /* Project object */;
			proxyType = 1;
			remoteGlobalIDString = BAECF39E21DFB7160079ECFE;
			remoteInfo = Persistence;
		};
/* End PBXContainerItemProxy section */

/* Begin PBXFileReference section */
		BAECF39F21DFB7160079ECFE /* Persistence.app */ = {isa = PBXFileReference; explicitFileType = wrapper.application; includeInIndex = 0; path = Persistence.app; sourceTree = BUILT_PRODUCTS_DIR; };
		BAECF3A221DFB7160079ECFE /* AppDelegate.swift */ = {isa = PBXFileReference; lastKnownFileType = sourcecode.swift; path = AppDelegate.swift; sourceTree = "<group>"; };
		BAECF3A421DFB7160079ECFE /* ViewController.swift */ = {isa = PBXFileReference; lastKnownFileType = sourcecode.swift; path = ViewController.swift; sourceTree = "<group>"; };
		BAECF3A721DFB7160079ECFE /* Base */ = {isa = PBXFileReference; lastKnownFileType = file.storyboard; name = Base; path = Base.lproj/Main.storyboard; sourceTree = "<group>"; };
		BAECF3A921DFB7170079ECFE /* Assets.xcassets */ = {isa = PBXFileReference; lastKnownFileType = folder.assetcatalog; path = Assets.xcassets; sourceTree = "<group>"; };
		BAECF3AC21DFB7170079ECFE /* Base */ = {isa = PBXFileReference; lastKnownFileType = file.storyboard; name = Base; path = Base.lproj/LaunchScreen.storyboard; sourceTree = "<group>"; };
		BAECF3AE21DFB7170079ECFE /* Info.plist */ = {isa = PBXFileReference; lastKnownFileType = text.plist.xml; path = Info.plist; sourceTree = "<group>"; };
		BAECF3B321DFB7170079ECFE /* PersistenceTests.xctest */ = {isa = PBXFileReference; explicitFileType = wrapper.cfbundle; includeInIndex = 0; path = PersistenceTests.xctest; sourceTree = BUILT_PRODUCTS_DIR; };
		BAECF3B721DFB7180079ECFE /* PersistenceTests.swift */ = {isa = PBXFileReference; lastKnownFileType = sourcecode.swift; path = PersistenceTests.swift; sourceTree = "<group>"; };
		BAECF3B921DFB7180079ECFE /* Info.plist */ = {isa = PBXFileReference; lastKnownFileType = text.plist.xml; path = Info.plist; sourceTree = "<group>"; };
		BAECF3BE21DFB7180079ECFE /* PersistenceUITests.xctest */ = {isa = PBXFileReference; explicitFileType = wrapper.cfbundle; includeInIndex = 0; path = PersistenceUITests.xctest; sourceTree = BUILT_PRODUCTS_DIR; };
		BAECF3C221DFB7180079ECFE /* PersistenceUITests.swift */ = {isa = PBXFileReference; lastKnownFileType = sourcecode.swift; path = PersistenceUITests.swift; sourceTree = "<group>"; };
		BAECF3C421DFB7180079ECFE /* Info.plist */ = {isa = PBXFileReference; lastKnownFileType = text.plist.xml; path = Info.plist; sourceTree = "<group>"; };
/* End PBXFileReference section */

/* Begin PBXFrameworksBuildPhase section */
		BAECF39C21DFB7160079ECFE /* Frameworks */ = {
			isa = PBXFrameworksBuildPhase;
			buildActionMask = 2147483647;
			files = (
			);
			runOnlyForDeploymentPostprocessing = 0;
		};
		BAECF3B021DFB7170079ECFE /* Frameworks */ = {
			isa = PBXFrameworksBuildPhase;
			buildActionMask = 2147483647;
			files = (
			);
			runOnlyForDeploymentPostprocessing = 0;
		};
		BAECF3BB21DFB7180079ECFE /* Frameworks */ = {
			isa = PBXFrameworksBuildPhase;
			buildActionMask = 2147483647;
			files = (
			);
			runOnlyForDeploymentPostprocessing = 0;
		};
/* End PBXFrameworksBuildPhase section */

/* Begin PBXGroup section */
		BAECF39621DFB7160079ECFE = {
			isa = PBXGroup;
			children = (
				BAECF3A121DFB7160079ECFE /* Persistence */,
				BAECF3B621DFB7180079ECFE /* PersistenceTests */,
				BAECF3C121DFB7180079ECFE /* PersistenceUITests */,
				BAECF3A021DFB7160079ECFE /* Products */,
			);
			sourceTree = "<group>";
		};
		BAECF3A021DFB7160079ECFE /* Products */ = {
			isa = PBXGroup;
			children = (
				BAECF39F21DFB7160079ECFE /* Persistence.app */,
				BAECF3B321DFB7170079ECFE /* PersistenceTests.xctest */,
				BAECF3BE21DFB7180079ECFE /* PersistenceUITests.xctest */,
			);
			name = Products;
			sourceTree = "<group>";
		};
		BAECF3A121DFB7160079ECFE /* Persistence */ = {
			isa = PBXGroup;
			children = (
				BAECF3A221DFB7160079ECFE /* AppDelegate.swift */,
				BAECF3A421DFB7160079ECFE /* ViewController.swift */,
				BAECF3A621DFB7160079ECFE /* Main.storyboard */,
				BAECF3A921DFB7170079ECFE /* Assets.xcassets */,
				BAECF3AB21DFB7170079ECFE /* LaunchScreen.storyboard */,
				BAECF3AE21DFB7170079ECFE /* Info.plist */,
			);
			path = Persistence;
			sourceTree = "<group>";
		};
		BAECF3B621DFB7180079ECFE /* PersistenceTests */ = {
			isa = PBXGroup;
			children = (
				BAECF3B721DFB7180079ECFE /* PersistenceTests.swift */,
				BAECF3B921DFB7180079ECFE /* Info.plist */,
			);
			path = PersistenceTests;
			sourceTree = "<group>";
		};
		BAECF3C121DFB7180079ECFE /* PersistenceUITests */ = {
			isa = PBXGroup;
			children = (
				BAECF3C221DFB7180079ECFE /* PersistenceUITests.swift */,
				BAECF3C421DFB7180079ECFE /* Info.plist */,
			);
			path = PersistenceUITests;
			sourceTree = "<group>";
		};
/* End PBXGroup section */

/* Begin PBXNativeTarget section */
		BAECF39E21DFB7160079ECFE /* Persistence */ = {
			isa = PBXNativeTarget;
			buildConfigurationList = BAECF3C721DFB7180079ECFE /* Build configuration list for PBXNativeTarget "Persistence" */;
			buildPhases = (
				BAECF39B21DFB7160079ECFE /* Sources */,
				BAECF39C21DFB7160079ECFE /* Frameworks */,
				BAECF39D21DFB7160079ECFE /* Resources */,
			);
			buildRules = (
			);
			dependencies = (
			);
			name = Persistence;
			productName = Persistence;
			productReference = BAECF39F21DFB7160079ECFE /* Persistence.app */;
			productType = "com.apple.product-type.application";
		};
		BAECF3B221DFB7170079ECFE /* PersistenceTests */ = {
			isa = PBXNativeTarget;
			buildConfigurationList = BAECF3CA21DFB7180079ECFE /* Build configuration list for PBXNativeTarget "PersistenceTests" */;
			buildPhases = (
				BAECF3AF21DFB7170079ECFE /* Sources */,
				BAECF3B021DFB7170079ECFE /* Frameworks */,
				BAECF3B121DFB7170079ECFE /* Resources */,
			);
			buildRules = (
			);
			dependencies = (
				BAECF3B521DFB7170079ECFE /* PBXTargetDependency */,
			);
			name = PersistenceTests;
			productName = PersistenceTests;
			productReference = BAECF3B321DFB7170079ECFE /* PersistenceTests.xctest */;
			productType = "com.apple.product-type.bundle.unit-test";
		};
		BAECF3BD21DFB7180079ECFE /* PersistenceUITests */ = {
			isa = PBXNativeTarget;
			buildConfigurationList = BAECF3CD21DFB7180079ECFE /* Build configuration list for PBXNativeTarget "PersistenceUITests" */;
			buildPhases = (
				BAECF3BA21DFB7180079ECFE /* Sources */,
				BAECF3BB21DFB7180079ECFE /* Frameworks */,
				BAECF3BC21DFB7180079ECFE /* Resources */,
			);
			buildRules = (
			);
			dependencies = (
				BAECF3C021DFB7180079ECFE /* PBXTargetDependency */,
			);
			name = PersistenceUITests;
			productName = PersistenceUITests;
			productReference = BAECF3BE21DFB7180079ECFE /* PersistenceUITests.xctest */;
			productType = "com.apple.product-type.bundle.ui-testing";
		};
/* End PBXNativeTarget section */

/* Begin PBXProject section */
		BAECF39721DFB7160079ECFE /* Project object */ = {
			isa = PBXProject;
			attributes = {
				LastSwiftUpdateCheck = 1000;
				LastUpgradeCheck = 1000;
				ORGANIZATIONNAME = Luciana;
				TargetAttributes = {
					BAECF39E21DFB7160079ECFE = {
						CreatedOnToolsVersion = 10.0;
					};
					BAECF3B221DFB7170079ECFE = {
						CreatedOnToolsVersion = 10.0;
						TestTargetID = BAECF39E21DFB7160079ECFE;
					};
					BAECF3BD21DFB7180079ECFE = {
						CreatedOnToolsVersion = 10.0;
						TestTargetID = BAECF39E21DFB7160079ECFE;
					};
				};
			};
			buildConfigurationList = BAECF39A21DFB7160079ECFE /* Build configuration list for PBXProject "Persistence" */;
			compatibilityVersion = "Xcode 9.3";
			developmentRegion = en;
			hasScannedForEncodings = 0;
			knownRegions = (
				en,
				Base,
			);
			mainGroup = BAECF39621DFB7160079ECFE;
			productRefGroup = BAECF3A021DFB7160079ECFE /* Products */;
			projectDirPath = "";
			projectRoot = "";
			targets = (
				BAECF39E21DFB7160079ECFE /* Persistence */,
				BAECF3B221DFB7170079ECFE /* PersistenceTests */,
				BAECF3BD21DFB7180079ECFE /* PersistenceUITests */,
			);
		};
/* End PBXProject section */

/* Begin PBXResourcesBuildPhase section */
		BAECF39D21DFB7160079ECFE /* Resources */ = {
			isa = PBXResourcesBuildPhase;
			buildActionMask = 2147483647;
			files = (
				BAECF3AD21DFB7170079ECFE /* LaunchScreen.storyboard in Resources */,
				BAECF3AA21DFB7170079ECFE /* Assets.xcassets in Resources */,
				BAECF3A821DFB7160079ECFE /* Main.storyboard in Resources */,
			);
			runOnlyForDeploymentPostprocessing = 0;
		};
		BAECF3B121DFB7170079ECFE /* Resources */ = {
			isa = PBXResourcesBuildPhase;
			buildActionMask = 2147483647;
			files = (
			);
			runOnlyForDeploymentPostprocessing = 0;
		};
		BAECF3BC21DFB7180079ECFE /* Resources */ = {
			isa = PBXResourcesBuildPhase;
			buildActionMask = 2147483647;
			files = (
			);
			runOnlyForDeploymentPostprocessing = 0;
		};
/* End PBXResourcesBuildPhase section */

/* Begin PBXSourcesBuildPhase section */
		BAECF39B21DFB7160079ECFE /* Sources */ = {
			isa = PBXSourcesBuildPhase;
			buildActionMask = 2147483647;
			files = (
				BAECF3A521DFB7160079ECFE /* ViewController.swift in Sources */,
				BAECF3A321DFB7160079ECFE /* AppDelegate.swift in Sources */,
			);
			runOnlyForDeploymentPostprocessing = 0;
		};
		BAECF3AF21DFB7170079ECFE /* Sources */ = {
			isa = PBXSourcesBuildPhase;
			buildActionMask = 2147483647;
			files = (
				BAECF3B821DFB7180079ECFE /* PersistenceTests.swift in Sources */,
			);
			runOnlyForDeploymentPostprocessing = 0;
		};
		BAECF3BA21DFB7180079ECFE /* Sources */ = {
			isa = PBXSourcesBuildPhase;
			buildActionMask = 2147483647;
			files = (
				BAECF3C321DFB7180079ECFE /* PersistenceUITests.swift in Sources */,
			);
			runOnlyForDeploymentPostprocessing = 0;
		};
/* End PBXSourcesBuildPhase section */

/* Begin PBXTargetDependency section */
		BAECF3B521DFB7170079ECFE /* PBXTargetDependency */ = {
			isa = PBXTargetDependency;
			target = BAECF39E21DFB7160079ECFE /* Persistence */;
			targetProxy = BAECF3B421DFB7170079ECFE /* PBXContainerItemProxy */;
		};
		BAECF3C021DFB7180079ECFE /* PBXTargetDependency */ = {
			isa = PBXTargetDependency;
			target = BAECF39E21DFB7160079ECFE /* Persistence */;
			targetProxy = BAECF3BF21DFB7180079ECFE /* PBXContainerItemProxy */;
		};
/* End PBXTargetDependency section */

/* Begin PBXVariantGroup section */
		BAECF3A621DFB7160079ECFE /* Main.storyboard */ = {
			isa = PBXVariantGroup;
			children = (
				BAECF3A721DFB7160079ECFE /* Base */,
			);
			name = Main.storyboard;
			sourceTree = "<group>";
		};
		BAECF3AB21DFB7170079ECFE /* LaunchScreen.storyboard */ = {
			isa = PBXVariantGroup;
			children = (
				BAECF3AC21DFB7170079ECFE /* Base */,
			);
			name = LaunchScreen.storyboard;
			sourceTree = "<group>";
		};
/* End PBXVariantGroup section */

/* Begin XCBuildConfiguration section */
		BAECF3C521DFB7180079ECFE /* Debug */ = {
			isa = XCBuildConfiguration;
			buildSettings = {
				ALWAYS_SEARCH_USER_PATHS = NO;
				CLANG_ANALYZER_NONNULL = YES;
				CLANG_ANALYZER_NUMBER_OBJECT_CONVERSION = YES_AGGRESSIVE;
				CLANG_CXX_LANGUAGE_STANDARD = "gnu++14";
				CLANG_CXX_LIBRARY = "libc++";
				CLANG_ENABLE_MODULES = YES;
				CLANG_ENABLE_OBJC_ARC = YES;
				CLANG_ENABLE_OBJC_WEAK = YES;
				CLANG_WARN_BLOCK_CAPTURE_AUTORELEASING = YES;
				CLANG_WARN_BOOL_CONVERSION = YES;
				CLANG_WARN_COMMA = YES;
				CLANG_WARN_CONSTANT_CONVERSION = YES;
				CLANG_WARN_DEPRECATED_OBJC_IMPLEMENTATIONS = YES;
				CLANG_WARN_DIRECT_OBJC_ISA_USAGE = YES_ERROR;
				CLANG_WARN_DOCUMENTATION_COMMENTS = YES;
				CLANG_WARN_EMPTY_BODY = YES;
				CLANG_WARN_ENUM_CONVERSION = YES;
				CLANG_WARN_INFINITE_RECURSION = YES;
				CLANG_WARN_INT_CONVERSION = YES;
				CLANG_WARN_NON_LITERAL_NULL_CONVERSION = YES;
				CLANG_WARN_OBJC_IMPLICIT_RETAIN_SELF = YES;
				CLANG_WARN_OBJC_LITERAL_CONVERSION = YES;
				CLANG_WARN_OBJC_ROOT_CLASS = YES_ERROR;
				CLANG_WARN_RANGE_LOOP_ANALYSIS = YES;
				CLANG_WARN_STRICT_PROTOTYPES = YES;
				CLANG_WARN_SUSPICIOUS_MOVE = YES;
				CLANG_WARN_UNGUARDED_AVAILABILITY = YES_AGGRESSIVE;
				CLANG_WARN_UNREACHABLE_CODE = YES;
				CLANG_WARN__DUPLICATE_METHOD_MATCH = YES;
				CODE_SIGN_IDENTITY = "iPhone Developer";
				COPY_PHASE_STRIP = NO;
				DEBUG_INFORMATION_FORMAT = dwarf;
				ENABLE_STRICT_OBJC_MSGSEND = YES;
				ENABLE_TESTABILITY = YES;
				GCC_C_LANGUAGE_STANDARD = gnu11;
				GCC_DYNAMIC_NO_PIC = NO;
				GCC_NO_COMMON_BLOCKS = YES;
				GCC_OPTIMIZATION_LEVEL = 0;
				GCC_PREPROCESSOR_DEFINITIONS = (
					"DEBUG=1",
					"$(inherited)",
				);
				GCC_WARN_64_TO_32_BIT_CONVERSION = YES;
				GCC_WARN_ABOUT_RETURN_TYPE = YES_ERROR;
				GCC_WARN_UNDECLARED_SELECTOR = YES;
				GCC_WARN_UNINITIALIZED_AUTOS = YES_AGGRESSIVE;
				GCC_WARN_UNUSED_FUNCTION = YES;
				GCC_WARN_UNUSED_VARIABLE = YES;
				IPHONEOS_DEPLOYMENT_TARGET = 12.0;
				MTL_ENABLE_DEBUG_INFO = INCLUDE_SOURCE;
				MTL_FAST_MATH = YES;
				ONLY_ACTIVE_ARCH = YES;
				SDKROOT = iphoneos;
				SWIFT_ACTIVE_COMPILATION_CONDITIONS = DEBUG;
				SWIFT_OPTIMIZATION_LEVEL = "-Onone";
			};
			name = Debug;
		};
		BAECF3C621DFB7180079ECFE /* Release */ = {
			isa = XCBuildConfiguration;
			buildSettings = {
				ALWAYS_SEARCH_USER_PATHS = NO;
				CLANG_ANALYZER_NONNULL = YES;
				CLANG_ANALYZER_NUMBER_OBJECT_CONVERSION = YES_AGGRESSIVE;
				CLANG_CXX_LANGUAGE_STANDARD = "gnu++14";
				CLANG_CXX_LIBRARY = "libc++";
				CLANG_ENABLE_MODULES = YES;
				CLANG_ENABLE_OBJC_ARC = YES;
				CLANG_ENABLE_OBJC_WEAK = YES;
				CLANG_WARN_BLOCK_CAPTURE_AUTORELEASING = YES;
				CLANG_WARN_BOOL_CONVERSION = YES;
				CLANG_WARN_COMMA = YES;
				CLANG_WARN_CONSTANT_CONVERSION = YES;
				CLANG_WARN_DEPRECATED_OBJC_IMPLEMENTATIONS = YES;
				CLANG_WARN_DIRECT_OBJC_ISA_USAGE = YES_ERROR;
				CLANG_WARN_DOCUMENTATION_COMMENTS = YES;
				CLANG_WARN_EMPTY_BODY = YES;
				CLANG_WARN_ENUM_CONVERSION = YES;
				CLANG_WARN_INFINITE_RECURSION = YES;
				CLANG_WARN_INT_CONVERSION = YES;
				CLANG_WARN_NON_LITERAL_NULL_CONVERSION = YES;
				CLANG_WARN_OBJC_IMPLICIT_RETAIN_SELF = YES;
				CLANG_WARN_OBJC_LITERAL_CONVERSION = YES;
				CLANG_WARN_OBJC_ROOT_CLASS = YES_ERROR;
				CLANG_WARN_RANGE_LOOP_ANALYSIS = YES;
				CLANG_WARN_STRICT_PROTOTYPES = YES;
				CLANG_WARN_SUSPICIOUS_MOVE = YES;
				CLANG_WARN_UNGUARDED_AVAILABILITY = YES_AGGRESSIVE;
				CLANG_WARN_UNREACHABLE_CODE = YES;
				CLANG_WARN__DUPLICATE_METHOD_MATCH = YES;
				CODE_SIGN_IDENTITY = "iPhone Developer";
				COPY_PHASE_STRIP = NO;
				DEBUG_INFORMATION_FORMAT = "dwarf-with-dsym";
				ENABLE_NS_ASSERTIONS = NO;
				ENABLE_STRICT_OBJC_MSGSEND = YES;
				GCC_C_LANGUAGE_STANDARD = gnu11;
				GCC_NO_COMMON_BLOCKS = YES;
				GCC_WARN_64_TO_32_BIT_CONVERSION = YES;
				GCC_WARN_ABOUT_RETURN_TYPE = YES_ERROR;
				GCC_WARN_UNDECLARED_SELECTOR = YES;
				GCC_WARN_UNINITIALIZED_AUTOS = YES_AGGRESSIVE;
				GCC_WARN_UNUSED_FUNCTION = YES;
				GCC_WARN_UNUSED_VARIABLE = YES;
				IPHONEOS_DEPLOYMENT_TARGET = 12.0;
				MTL_ENABLE_DEBUG_INFO = NO;
				MTL_FAST_MATH = YES;
				SDKROOT = iphoneos;
				SWIFT_COMPILATION_MODE = wholemodule;
				SWIFT_OPTIMIZATION_LEVEL = "-O";
				VALIDATE_PRODUCT = YES;
			};
			name = Release;
		};
		BAECF3C821DFB7180079ECFE /* Debug */ = {
			isa = XCBuildConfiguration;
			buildSettings = {
				ASSETCATALOG_COMPILER_APPICON_NAME = AppIcon;
				CODE_SIGN_STYLE = Automatic;
				INFOPLIST_FILE = Persistence/Info.plist;
				LD_RUNPATH_SEARCH_PATHS = (
					"$(inherited)",
					"@executable_path/Frameworks",
				);
				PRODUCT_BUNDLE_IDENTIFIER = Scopus.Persistence;
				PRODUCT_NAME = "$(TARGET_NAME)";
				SWIFT_VERSION = 4.2;
				TARGETED_DEVICE_FAMILY = "1,2";
			};
			name = Debug;
		};
		BAECF3C921DFB7180079ECFE /* Release */ = {
			isa = XCBuildConfiguration;
			buildSettings = {
				ASSETCATALOG_COMPILER_APPICON_NAME = AppIcon;
				CODE_SIGN_STYLE = Automatic;
				INFOPLIST_FILE = Persistence/Info.plist;
				LD_RUNPATH_SEARCH_PATHS = (
					"$(inherited)",
					"@executable_path/Frameworks",
				);
				PRODUCT_BUNDLE_IDENTIFIER = Scopus.Persistence;
				PRODUCT_NAME = "$(TARGET_NAME)";
				SWIFT_VERSION = 4.2;
				TARGETED_DEVICE_FAMILY = "1,2";
			};
			name = Release;
		};
		BAECF3CB21DFB7180079ECFE /* Debug */ = {
			isa = XCBuildConfiguration;
			buildSettings = {
				ALWAYS_EMBED_SWIFT_STANDARD_LIBRARIES = YES;
				BUNDLE_LOADER = "$(TEST_HOST)";
				CODE_SIGN_STYLE = Automatic;
				INFOPLIST_FILE = PersistenceTests/Info.plist;
				LD_RUNPATH_SEARCH_PATHS = (
					"$(inherited)",
					"@executable_path/Frameworks",
					"@loader_path/Frameworks",
				);
				PRODUCT_BUNDLE_IDENTIFIER = Scopus.PersistenceTests;
				PRODUCT_NAME = "$(TARGET_NAME)";
				SWIFT_VERSION = 4.2;
				TARGETED_DEVICE_FAMILY = "1,2";
				TEST_HOST = "$(BUILT_PRODUCTS_DIR)/Persistence.app/Persistence";
			};
			name = Debug;
		};
		BAECF3CC21DFB7180079ECFE /* Release */ = {
			isa = XCBuildConfiguration;
			buildSettings = {
				ALWAYS_EMBED_SWIFT_STANDARD_LIBRARIES = YES;
				BUNDLE_LOADER = "$(TEST_HOST)";
				CODE_SIGN_STYLE = Automatic;
				INFOPLIST_FILE = PersistenceTests/Info.plist;
				LD_RUNPATH_SEARCH_PATHS = (
					"$(inherited)",
					"@executable_path/Frameworks",
					"@loader_path/Frameworks",
				);
				PRODUCT_BUNDLE_IDENTIFIER = Scopus.PersistenceTests;
				PRODUCT_NAME = "$(TARGET_NAME)";
				SWIFT_VERSION = 4.2;
				TARGETED_DEVICE_FAMILY = "1,2";
				TEST_HOST = "$(BUILT_PRODUCTS_DIR)/Persistence.app/Persistence";
			};
			name = Release;
		};
		BAECF3CE21DFB7180079ECFE /* Debug */ = {
			isa = XCBuildConfiguration;
			buildSettings = {
				ALWAYS_EMBED_SWIFT_STANDARD_LIBRARIES = YES;
				CODE_SIGN_STYLE = Automatic;
				INFOPLIST_FILE = PersistenceUITests/Info.plist;
				LD_RUNPATH_SEARCH_PATHS = (
					"$(inherited)",
					"@executable_path/Frameworks",
					"@loader_path/Frameworks",
				);
				PRODUCT_BUNDLE_IDENTIFIER = Scopus.PersistenceUITests;
				PRODUCT_NAME = "$(TARGET_NAME)";
				SWIFT_VERSION = 4.2;
				TARGETED_DEVICE_FAMILY = "1,2";
				TEST_TARGET_NAME = Persistence;
			};
			name = Debug;
		};
		BAECF3CF21DFB7180079ECFE /* Release */ = {
			isa = XCBuildConfiguration;
			buildSettings = {
				ALWAYS_EMBED_SWIFT_STANDARD_LIBRARIES = YES;
				CODE_SIGN_STYLE = Automatic;
				INFOPLIST_FILE = PersistenceUITests/Info.plist;
				LD_RUNPATH_SEARCH_PATHS = (
					"$(inherited)",
					"@executable_path/Frameworks",
					"@loader_path/Frameworks",
				);
				PRODUCT_BUNDLE_IDENTIFIER = Scopus.PersistenceUITests;
				PRODUCT_NAME = "$(TARGET_NAME)";
				SWIFT_VERSION = 4.2;
				TARGETED_DEVICE_FAMILY = "1,2";
				TEST_TARGET_NAME = Persistence;
			};
			name = Release;
		};
/* End XCBuildConfiguration section */

/* Begin XCConfigurationList section */
		BAECF39A21DFB7160079ECFE /* Build configuration list for PBXProject "Persistence" */ = {
			isa = XCConfigurationList;
			buildConfigurations = (
				BAECF3C521DFB7180079ECFE /* Debug */,
				BAECF3C621DFB7180079ECFE /* Release */,
			);
			defaultConfigurationIsVisible = 0;
			defaultConfigurationName = Release;
		};
		BAECF3C721DFB7180079ECFE /* Build configuration list for PBXNativeTarget "Persistence" */ = {
			isa = XCConfigurationList;
			buildConfigurations = (
				BAECF3C821DFB7180079ECFE /* Debug */,
				BAECF3C921DFB7180079ECFE /* Release */,
			);
			defaultConfigurationIsVisible = 0;
			defaultConfigurationName = Release;
		};
		BAECF3CA21DFB7180079ECFE /* Build configuration list for PBXNativeTarget "PersistenceTests" */ = {
			isa = XCConfigurationList;
			buildConfigurations = (
				BAECF3CB21DFB7180079ECFE /* Debug */,
				BAECF3CC21DFB7180079ECFE /* Release */,
			);
			defaultConfigurationIsVisible = 0;
			defaultConfigurationName = Release;
		};
		BAECF3CD21DFB7180079ECFE /* Build configuration list for PBXNativeTarget "PersistenceUITests" */ = {
			isa = XCConfigurationList;
			buildConfigurations = (
				BAECF3CE21DFB7180079ECFE /* Debug */,
				BAECF3CF21DFB7180079ECFE /* Release */,
			);
			defaultConfigurationIsVisible = 0;
			defaultConfigurationName = Release;
		};
/* End XCConfigurationList section */
	};
	rootObject = BAECF39721DFB7160079ECFE /* Project object */;
}
